
Microsoft Visual Studio Solution File, Format Version 12.00
# Visual Studio Version 16
VisualStudioVersion = 16.0.29728.190
MinimumVisualStudioVersion = 10.0.40219.1
Project("{FAE04EC0-301F-11D3-BF4B-00C04F79EFBC}") = "MapsQuest API Helper", "MapsQuest API Helper\MapsQuest API Helper.csproj", "{D8C954BD-D0A3-4B92-A1DD-DB9612A4B868}"
EndProject
Global
	GlobalSection(SolutionConfigurationPlatforms) = preSolution
		Debug|Any CPU = Debug|Any CPU
		Debug|Default = Debug|Default
		Release|Any CPU = Release|Any CPU
		Release|Default = Release|Default
	EndGlobalSection
	GlobalSection(ProjectConfigurationPlatforms) = postSolution
		{D8C954BD-D0A3-4B92-A1DD-DB9612A4B868}.Debug|Any CPU.ActiveCfg = Debug|Any CPU
		{D8C954BD-D0A3-4B92-A1DD-DB9612A4B868}.Debug|Any CPU.Build.0 = Debug|Any CPU
		{D8C954BD-D0A3-4B92-A1DD-DB9612A4B868}.Debug|Default.ActiveCfg = Debug|Any CPU
		{D8C954BD-D0A3-4B92-A1DD-DB9612A4B868}.Debug|Default.Build.0 = Debug|Any CPU
		{D8C954BD-D0A3-4B92-A1DD-DB9612A4B868}.Release|Any CPU.ActiveCfg = Release|Any CPU
		{D8C954BD-D0A3-4B92-A1DD-DB9612A4B868}.Release|Any CPU.Build.0 = Release|Any CPU
		{D8C954BD-D0A3-4B92-A1DD-DB9612A4B868}.Release|Default.ActiveCfg = Release|Any CPU
		{D8C954BD-D0A3-4B92-A1DD-DB9612A4B868}.Release|Default.Build.0 = Release|Any CPU
	EndGlobalSection
	GlobalSection(SolutionProperties) = preSolution
		HideSolutionNode = FALSE
	EndGlobalSection
	GlobalSection(ExtensibilityGlobals) = postSolution
		SolutionGuid = {AC9A593B-D2AC-47A0-BA47-D4C7AF7D2E53}
	EndGlobalSection
	GlobalSection(SolutionConfigurationPlatforms) = preSolution
		Debug|Any CPU = Debug|Any CPU
		Release|Any CPU = Release|Any CPU
	EndGlobalSection
EndGlobal
